// !$*UTF8*$!
{
	archiveVersion = 1;
	classes = {
	};
	objectVersion = 55;
	objects = {

/* Begin PBXBuildFile section */
		05D987DBC295AB88D85713ED /* Pods_The_Movie_Database.framework in Frameworks */ = {isa = PBXBuildFile; fileRef = 11FF59286F0A11AE754CA463 /* Pods_The_Movie_Database.framework */; };
		082170DD28992AA3000D74EF /* NetworkManager.swift in Sources */ = {isa = PBXBuildFile; fileRef = 082170DC28992AA3000D74EF /* NetworkManager.swift */; };
		0828F3E4289EB37200A9C81C /* DiscoverCollectionViewCell.swift in Sources */ = {isa = PBXBuildFile; fileRef = 0828F3E2289EB37200A9C81C /* DiscoverCollectionViewCell.swift */; };
		0828F3E5289EB37200A9C81C /* DiscoverCollectionViewCell.xib in Resources */ = {isa = PBXBuildFile; fileRef = 0828F3E3289EB37200A9C81C /* DiscoverCollectionViewCell.xib */; };
		0881631F2886A79C005F2C9B /* MediaSearchResults.swift in Sources */ = {isa = PBXBuildFile; fileRef = 0881631D2886A79B005F2C9B /* MediaSearchResults.swift */; };
		088163262886ABFC005F2C9B /* Constants.swift in Sources */ = {isa = PBXBuildFile; fileRef = 088163252886ABFC005F2C9B /* Constants.swift */; };
		0881632C2886BEF0005F2C9B /* MediaTableViewCell.xib in Resources */ = {isa = PBXBuildFile; fileRef = 0881632B2886BEF0005F2C9B /* MediaTableViewCell.xib */; };
		08986CDE287C46C000D9FBDA /* AppDelegate.swift in Sources */ = {isa = PBXBuildFile; fileRef = 08986CDD287C46C000D9FBDA /* AppDelegate.swift */; };
		08986CE0287C46C000D9FBDA /* SceneDelegate.swift in Sources */ = {isa = PBXBuildFile; fileRef = 08986CDF287C46C000D9FBDA /* SceneDelegate.swift */; };
		08986CE2287C46C000D9FBDA /* SearchViewController.swift in Sources */ = {isa = PBXBuildFile; fileRef = 08986CE1287C46C000D9FBDA /* SearchViewController.swift */; };
		08986CE5287C46C000D9FBDA /* Main.storyboard in Resources */ = {isa = PBXBuildFile; fileRef = 08986CE3287C46C000D9FBDA /* Main.storyboard */; };
		08986CE7287C46C100D9FBDA /* Assets.xcassets in Resources */ = {isa = PBXBuildFile; fileRef = 08986CE6287C46C100D9FBDA /* Assets.xcassets */; };
		08986CEA287C46C100D9FBDA /* LaunchScreen.storyboard in Resources */ = {isa = PBXBuildFile; fileRef = 08986CE8287C46C100D9FBDA /* LaunchScreen.storyboard */; };
		08986CF2287C46F400D9FBDA /* Podfile in Resources */ = {isa = PBXBuildFile; fileRef = 08986CF1287C46F400D9FBDA /* Podfile */; };
		08A0D4E9292FCFDD00C971AF /* Genres.swift in Sources */ = {isa = PBXBuildFile; fileRef = 08A0D4E8292FCFDD00C971AF /* Genres.swift */; };
		08A0D4EB292FD27500C971AF /* Video.swift in Sources */ = {isa = PBXBuildFile; fileRef = 08A0D4EA292FD27500C971AF /* Video.swift */; };
		08A0D4ED292FD34F00C971AF /* MediaVideos.swift in Sources */ = {isa = PBXBuildFile; fileRef = 08A0D4EC292FD34F00C971AF /* MediaVideos.swift */; };
		08B0464B288854E600E61D76 /* DetailViewController.swift in Sources */ = {isa = PBXBuildFile; fileRef = 08B0464A288854E600E61D76 /* DetailViewController.swift */; };
		08B0464D288946E800E61D76 /* RealmObjectManager.swift in Sources */ = {isa = PBXBuildFile; fileRef = 08B0464C288946E600E61D76 /* RealmObjectManager.swift */; };
		08B046582889481800E61D76 /* MediaDetails.swift in Sources */ = {isa = PBXBuildFile; fileRef = 08B046522889481800E61D76 /* MediaDetails.swift */; };
		08B0465F2889886D00E61D76 /* RealmObjectModel.swift in Sources */ = {isa = PBXBuildFile; fileRef = 08B0465E2889886C00E61D76 /* RealmObjectModel.swift */; };
		08B70B7B28C4BBD200B01202 /* UIViewController+ProgressHUD.swift in Sources */ = {isa = PBXBuildFile; fileRef = 08B70B7A28C4BBD200B01202 /* UIViewController+ProgressHUD.swift */; };
		08C57B2728A121EA00A61668 /* MoviesViewModel.swift in Sources */ = {isa = PBXBuildFile; fileRef = 08C57B2628A121EA00A61668 /* MoviesViewModel.swift */; };
		08C57B2928A121FD00A61668 /* MoviesViewController.swift in Sources */ = {isa = PBXBuildFile; fileRef = 08C57B2828A121FD00A61668 /* MoviesViewController.swift */; };
		08C57B2D28A157ED00A61668 /* SavedViewModel.swift in Sources */ = {isa = PBXBuildFile; fileRef = 08C57B2C28A157ED00A61668 /* SavedViewModel.swift */; };
		08C57B2F28A1602000A61668 /* SavedViewController.swift in Sources */ = {isa = PBXBuildFile; fileRef = 08C57B2E28A1602000A61668 /* SavedViewController.swift */; };
		08CC63B02898253200EF29AD /* SearchViewModel.swift in Sources */ = {isa = PBXBuildFile; fileRef = 08CC63AF2898253200EF29AD /* SearchViewModel.swift */; };
		08CF46F3289C505E009E67D4 /* DetailViewModel.swift in Sources */ = {isa = PBXBuildFile; fileRef = 08CF46F2289C505D009E67D4 /* DetailViewModel.swift */; };
		08D6A13428A7E81A001BD9E2 /* VideoViewController.swift in Sources */ = {isa = PBXBuildFile; fileRef = 08D6A13328A7E81A001BD9E2 /* VideoViewController.swift */; };
		08D6A13728A7E861001BD9E2 /* VideoViewModel.swift in Sources */ = {isa = PBXBuildFile; fileRef = 08D6A13628A7E861001BD9E2 /* VideoViewModel.swift */; };
		08DD20EC2885F33E0036FA84 /* MediaTableViewCell.swift in Sources */ = {isa = PBXBuildFile; fileRef = 08DD20EA2885F33E0036FA84 /* MediaTableViewCell.swift */; };
		08E6492C28A2898D00AD9DCF /* UIImageView+Blur.swift in Sources */ = {isa = PBXBuildFile; fileRef = 08E6492B28A2898D00AD9DCF /* UIImageView+Blur.swift */; };
		08E6492E28A289C800AD9DCF /* UIView+CornerRadius.swift in Sources */ = {isa = PBXBuildFile; fileRef = 08E6492D28A289C800AD9DCF /* UIView+CornerRadius.swift */; };
		08E6493028A28E5600AD9DCF /* UIButton+SavedImage.swift in Sources */ = {isa = PBXBuildFile; fileRef = 08E6492F28A28E5600AD9DCF /* UIButton+SavedImage.swift */; };
		08E6493228A28E8A00AD9DCF /* UIViewController+SaveButton.swift in Sources */ = {isa = PBXBuildFile; fileRef = 08E6493128A28E8A00AD9DCF /* UIViewController+SaveButton.swift */; };
		08E6493628A2968D00AD9DCF /* SeriesViewController.swift in Sources */ = {isa = PBXBuildFile; fileRef = 08E6493528A2968D00AD9DCF /* SeriesViewController.swift */; };
		08E6493828A2993F00AD9DCF /* SeriesViewModel.swift in Sources */ = {isa = PBXBuildFile; fileRef = 08E6493728A2993F00AD9DCF /* SeriesViewModel.swift */; };
		08F70C8128A83EB700FB5E40 /* VideoViewCell.swift in Sources */ = {isa = PBXBuildFile; fileRef = 08F70C7F28A83EB700FB5E40 /* VideoViewCell.swift */; };
		08F70C8228A83EB700FB5E40 /* VideoViewCell.xib in Resources */ = {isa = PBXBuildFile; fileRef = 08F70C8028A83EB700FB5E40 /* VideoViewCell.xib */; };
/* End PBXBuildFile section */

/* Begin PBXFileReference section */
		082170DC28992AA3000D74EF /* NetworkManager.swift */ = {isa = PBXFileReference; lastKnownFileType = sourcecode.swift; path = NetworkManager.swift; sourceTree = "<group>"; };
		0828F3E2289EB37200A9C81C /* DiscoverCollectionViewCell.swift */ = {isa = PBXFileReference; lastKnownFileType = sourcecode.swift; path = DiscoverCollectionViewCell.swift; sourceTree = "<group>"; };
		0828F3E3289EB37200A9C81C /* DiscoverCollectionViewCell.xib */ = {isa = PBXFileReference; lastKnownFileType = file.xib; path = DiscoverCollectionViewCell.xib; sourceTree = "<group>"; };
		0881631D2886A79B005F2C9B /* MediaSearchResults.swift */ = {isa = PBXFileReference; fileEncoding = 4; lastKnownFileType = sourcecode.swift; path = MediaSearchResults.swift; sourceTree = "<group>"; };
		088163252886ABFC005F2C9B /* Constants.swift */ = {isa = PBXFileReference; lastKnownFileType = sourcecode.swift; path = Constants.swift; sourceTree = "<group>"; };
		0881632B2886BEF0005F2C9B /* MediaTableViewCell.xib */ = {isa = PBXFileReference; fileEncoding = 4; lastKnownFileType = file.xib; path = MediaTableViewCell.xib; sourceTree = "<group>"; };
		08986CDA287C46C000D9FBDA /* The Movie Database.app */ = {isa = PBXFileReference; explicitFileType = wrapper.application; includeInIndex = 0; path = "The Movie Database.app"; sourceTree = BUILT_PRODUCTS_DIR; };
		08986CDD287C46C000D9FBDA /* AppDelegate.swift */ = {isa = PBXFileReference; lastKnownFileType = sourcecode.swift; path = AppDelegate.swift; sourceTree = "<group>"; };
		08986CDF287C46C000D9FBDA /* SceneDelegate.swift */ = {isa = PBXFileReference; lastKnownFileType = sourcecode.swift; path = SceneDelegate.swift; sourceTree = "<group>"; };
		08986CE1287C46C000D9FBDA /* SearchViewController.swift */ = {isa = PBXFileReference; lastKnownFileType = sourcecode.swift; path = SearchViewController.swift; sourceTree = "<group>"; };
		08986CE4287C46C000D9FBDA /* Base */ = {isa = PBXFileReference; lastKnownFileType = file.storyboard; name = Base; path = Base.lproj/Main.storyboard; sourceTree = "<group>"; };
		08986CE6287C46C100D9FBDA /* Assets.xcassets */ = {isa = PBXFileReference; lastKnownFileType = folder.assetcatalog; path = Assets.xcassets; sourceTree = "<group>"; };
		08986CE9287C46C100D9FBDA /* Base */ = {isa = PBXFileReference; lastKnownFileType = file.storyboard; name = Base; path = Base.lproj/LaunchScreen.storyboard; sourceTree = "<group>"; };
		08986CEB287C46C100D9FBDA /* Info.plist */ = {isa = PBXFileReference; lastKnownFileType = text.plist.xml; path = Info.plist; sourceTree = "<group>"; };
		08986CF1287C46F400D9FBDA /* Podfile */ = {isa = PBXFileReference; fileEncoding = 4; lastKnownFileType = text; path = Podfile; sourceTree = SOURCE_ROOT; xcLanguageSpecificationIdentifier = xcode.lang.ruby; };
		08A0D4E8292FCFDD00C971AF /* Genres.swift */ = {isa = PBXFileReference; lastKnownFileType = sourcecode.swift; path = Genres.swift; sourceTree = "<group>"; };
		08A0D4EA292FD27500C971AF /* Video.swift */ = {isa = PBXFileReference; lastKnownFileType = sourcecode.swift; path = Video.swift; sourceTree = "<group>"; };
		08A0D4EC292FD34F00C971AF /* MediaVideos.swift */ = {isa = PBXFileReference; fileEncoding = 4; lastKnownFileType = sourcecode.swift; path = MediaVideos.swift; sourceTree = "<group>"; };
		08B0464A288854E600E61D76 /* DetailViewController.swift */ = {isa = PBXFileReference; lastKnownFileType = sourcecode.swift; path = DetailViewController.swift; sourceTree = "<group>"; };
		08B0464C288946E600E61D76 /* RealmObjectManager.swift */ = {isa = PBXFileReference; lastKnownFileType = sourcecode.swift; path = RealmObjectManager.swift; sourceTree = "<group>"; };
		08B046522889481800E61D76 /* MediaDetails.swift */ = {isa = PBXFileReference; fileEncoding = 4; lastKnownFileType = sourcecode.swift; path = MediaDetails.swift; sourceTree = "<group>"; };
		08B0465E2889886C00E61D76 /* RealmObjectModel.swift */ = {isa = PBXFileReference; lastKnownFileType = sourcecode.swift; path = RealmObjectModel.swift; sourceTree = "<group>"; };
		08B70B7A28C4BBD200B01202 /* UIViewController+ProgressHUD.swift */ = {isa = PBXFileReference; lastKnownFileType = sourcecode.swift; path = "UIViewController+ProgressHUD.swift"; sourceTree = "<group>"; };
		08C57B2628A121EA00A61668 /* MoviesViewModel.swift */ = {isa = PBXFileReference; lastKnownFileType = sourcecode.swift; path = MoviesViewModel.swift; sourceTree = "<group>"; };
		08C57B2828A121FD00A61668 /* MoviesViewController.swift */ = {isa = PBXFileReference; lastKnownFileType = sourcecode.swift; path = MoviesViewController.swift; sourceTree = "<group>"; };
		08C57B2C28A157ED00A61668 /* SavedViewModel.swift */ = {isa = PBXFileReference; lastKnownFileType = sourcecode.swift; path = SavedViewModel.swift; sourceTree = "<group>"; };
		08C57B2E28A1602000A61668 /* SavedViewController.swift */ = {isa = PBXFileReference; lastKnownFileType = sourcecode.swift; path = SavedViewController.swift; sourceTree = "<group>"; };
		08CC63AF2898253200EF29AD /* SearchViewModel.swift */ = {isa = PBXFileReference; lastKnownFileType = sourcecode.swift; path = SearchViewModel.swift; sourceTree = "<group>"; };
		08CF46F2289C505D009E67D4 /* DetailViewModel.swift */ = {isa = PBXFileReference; lastKnownFileType = sourcecode.swift; path = DetailViewModel.swift; sourceTree = "<group>"; };
		08D6A13328A7E81A001BD9E2 /* VideoViewController.swift */ = {isa = PBXFileReference; lastKnownFileType = sourcecode.swift; path = VideoViewController.swift; sourceTree = "<group>"; };
		08D6A13628A7E861001BD9E2 /* VideoViewModel.swift */ = {isa = PBXFileReference; lastKnownFileType = sourcecode.swift; path = VideoViewModel.swift; sourceTree = "<group>"; };
		08DD20EA2885F33E0036FA84 /* MediaTableViewCell.swift */ = {isa = PBXFileReference; lastKnownFileType = sourcecode.swift; path = MediaTableViewCell.swift; sourceTree = "<group>"; };
		08E6492B28A2898D00AD9DCF /* UIImageView+Blur.swift */ = {isa = PBXFileReference; lastKnownFileType = sourcecode.swift; path = "UIImageView+Blur.swift"; sourceTree = "<group>"; };
		08E6492D28A289C800AD9DCF /* UIView+CornerRadius.swift */ = {isa = PBXFileReference; lastKnownFileType = sourcecode.swift; path = "UIView+CornerRadius.swift"; sourceTree = "<group>"; };
		08E6492F28A28E5600AD9DCF /* UIButton+SavedImage.swift */ = {isa = PBXFileReference; lastKnownFileType = sourcecode.swift; path = "UIButton+SavedImage.swift"; sourceTree = "<group>"; };
		08E6493128A28E8A00AD9DCF /* UIViewController+SaveButton.swift */ = {isa = PBXFileReference; lastKnownFileType = sourcecode.swift; path = "UIViewController+SaveButton.swift"; sourceTree = "<group>"; };
		08E6493528A2968D00AD9DCF /* SeriesViewController.swift */ = {isa = PBXFileReference; lastKnownFileType = sourcecode.swift; path = SeriesViewController.swift; sourceTree = "<group>"; };
		08E6493728A2993F00AD9DCF /* SeriesViewModel.swift */ = {isa = PBXFileReference; lastKnownFileType = sourcecode.swift; path = SeriesViewModel.swift; sourceTree = "<group>"; };
		08F70C7F28A83EB700FB5E40 /* VideoViewCell.swift */ = {isa = PBXFileReference; lastKnownFileType = sourcecode.swift; path = VideoViewCell.swift; sourceTree = "<group>"; };
		08F70C8028A83EB700FB5E40 /* VideoViewCell.xib */ = {isa = PBXFileReference; lastKnownFileType = file.xib; path = VideoViewCell.xib; sourceTree = "<group>"; };
		11FF59286F0A11AE754CA463 /* Pods_The_Movie_Database.framework */ = {isa = PBXFileReference; explicitFileType = wrapper.framework; includeInIndex = 0; path = Pods_The_Movie_Database.framework; sourceTree = BUILT_PRODUCTS_DIR; };
		DBC00BEBB31BFA682DEB487E /* Pods-The Movie Database.release.xcconfig */ = {isa = PBXFileReference; includeInIndex = 1; lastKnownFileType = text.xcconfig; name = "Pods-The Movie Database.release.xcconfig"; path = "Target Support Files/Pods-The Movie Database/Pods-The Movie Database.release.xcconfig"; sourceTree = "<group>"; };
		E57CDB9AB729AA47A779AEE8 /* Pods-The Movie Database.debug.xcconfig */ = {isa = PBXFileReference; includeInIndex = 1; lastKnownFileType = text.xcconfig; name = "Pods-The Movie Database.debug.xcconfig"; path = "Target Support Files/Pods-The Movie Database/Pods-The Movie Database.debug.xcconfig"; sourceTree = "<group>"; };
/* End PBXFileReference section */

/* Begin PBXFrameworksBuildPhase section */
		D979C899B2CDBA5A27FCF0C1 /* Frameworks */ = {
			isa = PBXFrameworksBuildPhase;
			buildActionMask = 2147483647;
			files = (
				05D987DBC295AB88D85713ED /* Pods_The_Movie_Database.framework in Frameworks */,
			);
			runOnlyForDeploymentPostprocessing = 0;
		};
/* End PBXFrameworksBuildPhase section */

/* Begin PBXGroup section */
		0828F3E6289EB37B00A9C81C /* DiscoverCollectionViewCell */ = {
			isa = PBXGroup;
			children = (
				0828F3E2289EB37200A9C81C /* DiscoverCollectionViewCell.swift */,
				0828F3E3289EB37200A9C81C /* DiscoverCollectionViewCell.xib */,
			);
			path = DiscoverCollectionViewCell;
			sourceTree = "<group>";
		};
		0828F3E9289EB46400A9C81C /* MoviesView */ = {
			isa = PBXGroup;
			children = (
				08C57B2828A121FD00A61668 /* MoviesViewController.swift */,
				08C57B2628A121EA00A61668 /* MoviesViewModel.swift */,
			);
			path = MoviesView;
			sourceTree = "<group>";
		};
		08986CD1287C46C000D9FBDA = {
			isa = PBXGroup;
			children = (
				08986CDC287C46C000D9FBDA /* The Movie Database */,
				08986CDB287C46C000D9FBDA /* Products */,
				3536C355C1603A6ABD595726 /* Pods */,
				397F69D087BF7F9A5412B38B /* Frameworks */,
			);
			sourceTree = "<group>";
		};
		08986CDB287C46C000D9FBDA /* Products */ = {
			isa = PBXGroup;
			children = (
				08986CDA287C46C000D9FBDA /* The Movie Database.app */,
			);
			name = Products;
			sourceTree = "<group>";
		};
		08986CDC287C46C000D9FBDA /* The Movie Database */ = {
			isa = PBXGroup;
			children = (
				08986CDD287C46C000D9FBDA /* AppDelegate.swift */,
				08986CDF287C46C000D9FBDA /* SceneDelegate.swift */,
				08986CE3287C46C000D9FBDA /* Main.storyboard */,
				08CF46E9289A8930009E67D4 /* Global */,
				0828F3E9289EB46400A9C81C /* MoviesView */,
				08E6493428A2967300AD9DCF /* SeriesView */,
				0828F3E6289EB37B00A9C81C /* DiscoverCollectionViewCell */,
				08CC63A2289587E100EF29AD /* SearchView */,
				08CC63AA289589F400EF29AD /* SavedView */,
				08DD20EE2885F34A0036FA84 /* MediaTableViewCell */,
				08CC63A9289589D700EF29AD /* DetailView */,
				08D6A13528A7E832001BD9E2 /* VideoView */,
				08CC63AB28958A2400EF29AD /* Network */,
				08CC63A12895864A00EF29AD /* Realm */,
				08C6A40228A663A8004692EC /* Supporting Files */,
				08986CEB287C46C100D9FBDA /* Info.plist */,
				08986CF1287C46F400D9FBDA /* Podfile */,
			);
			path = "The Movie Database";
			sourceTree = "<group>";
		};
		08986CF7287C4A4F00D9FBDA /* DataModels */ = {
			isa = PBXGroup;
			children = (
				0881631D2886A79B005F2C9B /* MediaSearchResults.swift */,
				08A0D4E8292FCFDD00C971AF /* Genres.swift */,
				08B046522889481800E61D76 /* MediaDetails.swift */,
				08A0D4EC292FD34F00C971AF /* MediaVideos.swift */,
				08A0D4EA292FD27500C971AF /* Video.swift */,
			);
			path = DataModels;
			sourceTree = "<group>";
		};
		08C6A40228A663A8004692EC /* Supporting Files */ = {
			isa = PBXGroup;
			children = (
				08986CE8287C46C100D9FBDA /* LaunchScreen.storyboard */,
				08986CE6287C46C100D9FBDA /* Assets.xcassets */,
			);
			path = "Supporting Files";
			sourceTree = "<group>";
		};
		08CC63A12895864A00EF29AD /* Realm */ = {
			isa = PBXGroup;
			children = (
				08B0464C288946E600E61D76 /* RealmObjectManager.swift */,
				08B0465E2889886C00E61D76 /* RealmObjectModel.swift */,
			);
			path = Realm;
			sourceTree = "<group>";
		};
		08CC63A2289587E100EF29AD /* SearchView */ = {
			isa = PBXGroup;
			children = (
				08986CE1287C46C000D9FBDA /* SearchViewController.swift */,
				08CC63AF2898253200EF29AD /* SearchViewModel.swift */,
			);
			path = SearchView;
			sourceTree = "<group>";
		};
		08CC63A9289589D700EF29AD /* DetailView */ = {
			isa = PBXGroup;
			children = (
				08B0464A288854E600E61D76 /* DetailViewController.swift */,
				08CF46F2289C505D009E67D4 /* DetailViewModel.swift */,
			);
			path = DetailView;
			sourceTree = "<group>";
		};
		08CC63AA289589F400EF29AD /* SavedView */ = {
			isa = PBXGroup;
			children = (
				08C57B2E28A1602000A61668 /* SavedViewController.swift */,
				08C57B2C28A157ED00A61668 /* SavedViewModel.swift */,
			);
			path = SavedView;
			sourceTree = "<group>";
		};
		08CC63AB28958A2400EF29AD /* Network */ = {
			isa = PBXGroup;
			children = (
				082170DC28992AA3000D74EF /* NetworkManager.swift */,
				08986CF7287C4A4F00D9FBDA /* DataModels */,
			);
			path = Network;
			sourceTree = "<group>";
		};
		08CF46E9289A8930009E67D4 /* Global */ = {
			isa = PBXGroup;
			children = (
				088163252886ABFC005F2C9B /* Constants.swift */,
				08E6493328A28EF800AD9DCF /* Extensions */,
			);
			path = Global;
			sourceTree = "<group>";
		};
		08D6A13528A7E832001BD9E2 /* VideoView */ = {
			isa = PBXGroup;
			children = (
				08F70C8328A83EBD00FB5E40 /* VideoViewCell */,
				08D6A13328A7E81A001BD9E2 /* VideoViewController.swift */,
				08D6A13628A7E861001BD9E2 /* VideoViewModel.swift */,
			);
			path = VideoView;
			sourceTree = "<group>";
		};
		08DD20EE2885F34A0036FA84 /* MediaTableViewCell */ = {
			isa = PBXGroup;
			children = (
				08DD20EA2885F33E0036FA84 /* MediaTableViewCell.swift */,
				0881632B2886BEF0005F2C9B /* MediaTableViewCell.xib */,
			);
			path = MediaTableViewCell;
			sourceTree = "<group>";
		};
		08E6493328A28EF800AD9DCF /* Extensions */ = {
			isa = PBXGroup;
			children = (
				08E6493128A28E8A00AD9DCF /* UIViewController+SaveButton.swift */,
				08B70B7A28C4BBD200B01202 /* UIViewController+ProgressHUD.swift */,
				08E6492B28A2898D00AD9DCF /* UIImageView+Blur.swift */,
				08E6492F28A28E5600AD9DCF /* UIButton+SavedImage.swift */,
				08E6492D28A289C800AD9DCF /* UIView+CornerRadius.swift */,
			);
			path = Extensions;
			sourceTree = "<group>";
		};
		08E6493428A2967300AD9DCF /* SeriesView */ = {
			isa = PBXGroup;
			children = (
				08E6493528A2968D00AD9DCF /* SeriesViewController.swift */,
				08E6493728A2993F00AD9DCF /* SeriesViewModel.swift */,
			);
			path = SeriesView;
			sourceTree = "<group>";
		};
		08F70C8328A83EBD00FB5E40 /* VideoViewCell */ = {
			isa = PBXGroup;
			children = (
				08F70C7F28A83EB700FB5E40 /* VideoViewCell.swift */,
				08F70C8028A83EB700FB5E40 /* VideoViewCell.xib */,
			);
			path = VideoViewCell;
			sourceTree = "<group>";
		};
		3536C355C1603A6ABD595726 /* Pods */ = {
			isa = PBXGroup;
			children = (
				E57CDB9AB729AA47A779AEE8 /* Pods-The Movie Database.debug.xcconfig */,
				DBC00BEBB31BFA682DEB487E /* Pods-The Movie Database.release.xcconfig */,
			);
			path = Pods;
			sourceTree = "<group>";
		};
		397F69D087BF7F9A5412B38B /* Frameworks */ = {
			isa = PBXGroup;
			children = (
				11FF59286F0A11AE754CA463 /* Pods_The_Movie_Database.framework */,
			);
			name = Frameworks;
			sourceTree = "<group>";
		};
/* End PBXGroup section */

/* Begin PBXNativeTarget section */
		08986CD9287C46C000D9FBDA /* The Movie Database */ = {
			isa = PBXNativeTarget;
			buildConfigurationList = 08986CEE287C46C100D9FBDA /* Build configuration list for PBXNativeTarget "The Movie Database" */;
			buildPhases = (
				087A468829226C5B00B5838A /* Swiftlint */,
				B114D3FAD4B04723C1085DAF /* [CP] Check Pods Manifest.lock */,
				08986CD6287C46C000D9FBDA /* Sources */,
				08986CD8287C46C000D9FBDA /* Resources */,
				3299B3626D03371352465D84 /* [CP] Embed Pods Frameworks */,
				D979C899B2CDBA5A27FCF0C1 /* Frameworks */,
			);
			buildRules = (
			);
			dependencies = (
			);
			name = "The Movie Database";
			productName = "The Movie Database";
			productReference = 08986CDA287C46C000D9FBDA /* The Movie Database.app */;
			productType = "com.apple.product-type.application";
		};
/* End PBXNativeTarget section */

/* Begin PBXProject section */
		08986CD2287C46C000D9FBDA /* Project object */ = {
			isa = PBXProject;
			attributes = {
				BuildIndependentTargetsInParallel = 1;
				LastSwiftUpdateCheck = 1340;
				LastUpgradeCheck = 1340;
				TargetAttributes = {
					08986CD9287C46C000D9FBDA = {
						CreatedOnToolsVersion = 13.4.1;
					};
				};
			};
			buildConfigurationList = 08986CD5287C46C000D9FBDA /* Build configuration list for PBXProject "The Movie Database" */;
			compatibilityVersion = "Xcode 13.0";
			developmentRegion = en;
			hasScannedForEncodings = 0;
			knownRegions = (
				en,
				Base,
			);
			mainGroup = 08986CD1287C46C000D9FBDA;
			productRefGroup = 08986CDB287C46C000D9FBDA /* Products */;
			projectDirPath = "";
			projectRoot = "";
			targets = (
				08986CD9287C46C000D9FBDA /* The Movie Database */,
			);
		};
/* End PBXProject section */

/* Begin PBXResourcesBuildPhase section */
		08986CD8287C46C000D9FBDA /* Resources */ = {
			isa = PBXResourcesBuildPhase;
			buildActionMask = 2147483647;
			files = (
				08986CEA287C46C100D9FBDA /* LaunchScreen.storyboard in Resources */,
				0828F3E5289EB37200A9C81C /* DiscoverCollectionViewCell.xib in Resources */,
				08986CE7287C46C100D9FBDA /* Assets.xcassets in Resources */,
				08986CF2287C46F400D9FBDA /* Podfile in Resources */,
				08986CE5287C46C000D9FBDA /* Main.storyboard in Resources */,
				0881632C2886BEF0005F2C9B /* MediaTableViewCell.xib in Resources */,
				08F70C8228A83EB700FB5E40 /* VideoViewCell.xib in Resources */,
			);
			runOnlyForDeploymentPostprocessing = 0;
		};
/* End PBXResourcesBuildPhase section */

/* Begin PBXShellScriptBuildPhase section */
		087A468829226C5B00B5838A /* Swiftlint */ = {
			isa = PBXShellScriptBuildPhase;
			alwaysOutOfDate = 1;
			buildActionMask = 2147483647;
			files = (
			);
			inputFileListPaths = (
			);
			inputPaths = (
			);
			name = Swiftlint;
			outputFileListPaths = (
			);
			outputPaths = (
				"",
			);
			runOnlyForDeploymentPostprocessing = 0;
			shellPath = /bin/sh;
			shellScript = "\"${PODS_ROOT}/SwiftLint/swiftlint\"\n";
		};
		3299B3626D03371352465D84 /* [CP] Embed Pods Frameworks */ = {
			isa = PBXShellScriptBuildPhase;
			buildActionMask = 2147483647;
			files = (
			);
			inputFileListPaths = (
				"${PODS_ROOT}/Target Support Files/Pods-The Movie Database/Pods-The Movie Database-frameworks-${CONFIGURATION}-input-files.xcfilelist",
			);
			name = "[CP] Embed Pods Frameworks";
			outputFileListPaths = (
				"${PODS_ROOT}/Target Support Files/Pods-The Movie Database/Pods-The Movie Database-frameworks-${CONFIGURATION}-output-files.xcfilelist",
			);
			runOnlyForDeploymentPostprocessing = 0;
			shellPath = /bin/sh;
			shellScript = "\"${PODS_ROOT}/Target Support Files/Pods-The Movie Database/Pods-The Movie Database-frameworks.sh\"\n";
			showEnvVarsInLog = 0;
		};
		B114D3FAD4B04723C1085DAF /* [CP] Check Pods Manifest.lock */ = {
			isa = PBXShellScriptBuildPhase;
			buildActionMask = 2147483647;
			files = (
			);
			inputFileListPaths = (
			);
			inputPaths = (
				"${PODS_PODFILE_DIR_PATH}/Podfile.lock",
				"${PODS_ROOT}/Manifest.lock",
			);
			name = "[CP] Check Pods Manifest.lock";
			outputFileListPaths = (
			);
			outputPaths = (
				"$(DERIVED_FILE_DIR)/Pods-The Movie Database-checkManifestLockResult.txt",
			);
			runOnlyForDeploymentPostprocessing = 0;
			shellPath = /bin/sh;
			shellScript = "diff \"${PODS_PODFILE_DIR_PATH}/Podfile.lock\" \"${PODS_ROOT}/Manifest.lock\" > /dev/null\nif [ $? != 0 ] ; then\n    # print error to STDERR\n    echo \"error: The sandbox is not in sync with the Podfile.lock. Run 'pod install' or update your CocoaPods installation.\" >&2\n    exit 1\nfi\n# This output is used by Xcode 'outputs' to avoid re-running this script phase.\necho \"SUCCESS\" > \"${SCRIPT_OUTPUT_FILE_0}\"\n";
			showEnvVarsInLog = 0;
		};
/* End PBXShellScriptBuildPhase section */

/* Begin PBXSourcesBuildPhase section */
		08986CD6287C46C000D9FBDA /* Sources */ = {
			isa = PBXSourcesBuildPhase;
			buildActionMask = 2147483647;
			files = (
				08B0464B288854E600E61D76 /* DetailViewController.swift in Sources */,
				08B70B7B28C4BBD200B01202 /* UIViewController+ProgressHUD.swift in Sources */,
				08CF46F3289C505E009E67D4 /* DetailViewModel.swift in Sources */,
				08DD20EC2885F33E0036FA84 /* MediaTableViewCell.swift in Sources */,
				08B0464D288946E800E61D76 /* RealmObjectManager.swift in Sources */,
				08E6492C28A2898D00AD9DCF /* UIImageView+Blur.swift in Sources */,
				08CC63B02898253200EF29AD /* SearchViewModel.swift in Sources */,
				08F70C8128A83EB700FB5E40 /* VideoViewCell.swift in Sources */,
				08A0D4ED292FD34F00C971AF /* MediaVideos.swift in Sources */,
				08D6A13428A7E81A001BD9E2 /* VideoViewController.swift in Sources */,
				08986CE2287C46C000D9FBDA /* SearchViewController.swift in Sources */,
				08A0D4EB292FD27500C971AF /* Video.swift in Sources */,
				08C57B2D28A157ED00A61668 /* SavedViewModel.swift in Sources */,
				082170DD28992AA3000D74EF /* NetworkManager.swift in Sources */,
				08E6493028A28E5600AD9DCF /* UIButton+SavedImage.swift in Sources */,
				08E6493228A28E8A00AD9DCF /* UIViewController+SaveButton.swift in Sources */,
				08D6A13728A7E861001BD9E2 /* VideoViewModel.swift in Sources */,
				08A0D4E9292FCFDD00C971AF /* Genres.swift in Sources */,
				08B0465F2889886D00E61D76 /* RealmObjectModel.swift in Sources */,
				08C57B2F28A1602000A61668 /* SavedViewController.swift in Sources */,
				0828F3E4289EB37200A9C81C /* DiscoverCollectionViewCell.swift in Sources */,
				08E6492E28A289C800AD9DCF /* UIView+CornerRadius.swift in Sources */,
				08B046582889481800E61D76 /* MediaDetails.swift in Sources */,
				08E6493628A2968D00AD9DCF /* SeriesViewController.swift in Sources */,
				08986CDE287C46C000D9FBDA /* AppDelegate.swift in Sources */,
				08C57B2728A121EA00A61668 /* MoviesViewModel.swift in Sources */,
				08986CE0287C46C000D9FBDA /* SceneDelegate.swift in Sources */,
				08E6493828A2993F00AD9DCF /* SeriesViewModel.swift in Sources */,
				0881631F2886A79C005F2C9B /* MediaSearchResults.swift in Sources */,
				08C57B2928A121FD00A61668 /* MoviesViewController.swift in Sources */,
				088163262886ABFC005F2C9B /* Constants.swift in Sources */,
			);
			runOnlyForDeploymentPostprocessing = 0;
		};
/* End PBXSourcesBuildPhase section */

/* Begin PBXVariantGroup section */
		08986CE3287C46C000D9FBDA /* Main.storyboard */ = {
			isa = PBXVariantGroup;
			children = (
				08986CE4287C46C000D9FBDA /* Base */,
			);
			name = Main.storyboard;
			sourceTree = "<group>";
		};
		08986CE8287C46C100D9FBDA /* LaunchScreen.storyboard */ = {
			isa = PBXVariantGroup;
			children = (
				08986CE9287C46C100D9FBDA /* Base */,
			);
			name = LaunchScreen.storyboard;
			sourceTree = "<group>";
		};
/* End PBXVariantGroup section */

/* Begin XCBuildConfiguration section */
		08986CEC287C46C100D9FBDA /* Debug */ = {
			isa = XCBuildConfiguration;
			buildSettings = {
				ALWAYS_SEARCH_USER_PATHS = NO;
				CLANG_ANALYZER_NONNULL = YES;
				CLANG_ANALYZER_NUMBER_OBJECT_CONVERSION = YES_AGGRESSIVE;
				CLANG_CXX_LANGUAGE_STANDARD = "gnu++17";
				CLANG_ENABLE_MODULES = YES;
				CLANG_ENABLE_OBJC_ARC = YES;
				CLANG_ENABLE_OBJC_WEAK = YES;
				CLANG_WARN_BLOCK_CAPTURE_AUTORELEASING = YES;
				CLANG_WARN_BOOL_CONVERSION = YES;
				CLANG_WARN_COMMA = YES;
				CLANG_WARN_CONSTANT_CONVERSION = YES;
				CLANG_WARN_DEPRECATED_OBJC_IMPLEMENTATIONS = YES;
				CLANG_WARN_DIRECT_OBJC_ISA_USAGE = YES_ERROR;
				CLANG_WARN_DOCUMENTATION_COMMENTS = YES;
				CLANG_WARN_EMPTY_BODY = YES;
				CLANG_WARN_ENUM_CONVERSION = YES;
				CLANG_WARN_INFINITE_RECURSION = YES;
				CLANG_WARN_INT_CONVERSION = YES;
				CLANG_WARN_NON_LITERAL_NULL_CONVERSION = YES;
				CLANG_WARN_OBJC_IMPLICIT_RETAIN_SELF = YES;
				CLANG_WARN_OBJC_LITERAL_CONVERSION = YES;
				CLANG_WARN_OBJC_ROOT_CLASS = YES_ERROR;
				CLANG_WARN_QUOTED_INCLUDE_IN_FRAMEWORK_HEADER = YES;
				CLANG_WARN_RANGE_LOOP_ANALYSIS = YES;
				CLANG_WARN_STRICT_PROTOTYPES = YES;
				CLANG_WARN_SUSPICIOUS_MOVE = YES;
				CLANG_WARN_UNGUARDED_AVAILABILITY = YES_AGGRESSIVE;
				CLANG_WARN_UNREACHABLE_CODE = YES;
				CLANG_WARN__DUPLICATE_METHOD_MATCH = YES;
				COPY_PHASE_STRIP = NO;
				DEBUG_INFORMATION_FORMAT = dwarf;
				ENABLE_STRICT_OBJC_MSGSEND = YES;
				ENABLE_TESTABILITY = YES;
				GCC_C_LANGUAGE_STANDARD = gnu11;
				GCC_DYNAMIC_NO_PIC = NO;
				GCC_NO_COMMON_BLOCKS = YES;
				GCC_OPTIMIZATION_LEVEL = 0;
				GCC_PREPROCESSOR_DEFINITIONS = (
					"DEBUG=1",
					"$(inherited)",
				);
				GCC_WARN_64_TO_32_BIT_CONVERSION = YES;
				GCC_WARN_ABOUT_RETURN_TYPE = YES_ERROR;
				GCC_WARN_UNDECLARED_SELECTOR = YES;
				GCC_WARN_UNINITIALIZED_AUTOS = YES_AGGRESSIVE;
				GCC_WARN_UNUSED_FUNCTION = YES;
				GCC_WARN_UNUSED_VARIABLE = YES;
				IPHONEOS_DEPLOYMENT_TARGET = 15.5;
				MTL_ENABLE_DEBUG_INFO = INCLUDE_SOURCE;
				MTL_FAST_MATH = YES;
				ONLY_ACTIVE_ARCH = YES;
				SDKROOT = iphoneos;
				SWIFT_ACTIVE_COMPILATION_CONDITIONS = DEBUG;
				SWIFT_OPTIMIZATION_LEVEL = "-Onone";
			};
			name = Debug;
		};
		08986CED287C46C100D9FBDA /* Release */ = {
			isa = XCBuildConfiguration;
			buildSettings = {
				ALWAYS_SEARCH_USER_PATHS = NO;
				CLANG_ANALYZER_NONNULL = YES;
				CLANG_ANALYZER_NUMBER_OBJECT_CONVERSION = YES_AGGRESSIVE;
				CLANG_CXX_LANGUAGE_STANDARD = "gnu++17";
				CLANG_ENABLE_MODULES = YES;
				CLANG_ENABLE_OBJC_ARC = YES;
				CLANG_ENABLE_OBJC_WEAK = YES;
				CLANG_WARN_BLOCK_CAPTURE_AUTORELEASING = YES;
				CLANG_WARN_BOOL_CONVERSION = YES;
				CLANG_WARN_COMMA = YES;
				CLANG_WARN_CONSTANT_CONVERSION = YES;
				CLANG_WARN_DEPRECATED_OBJC_IMPLEMENTATIONS = YES;
				CLANG_WARN_DIRECT_OBJC_ISA_USAGE = YES_ERROR;
				CLANG_WARN_DOCUMENTATION_COMMENTS = YES;
				CLANG_WARN_EMPTY_BODY = YES;
				CLANG_WARN_ENUM_CONVERSION = YES;
				CLANG_WARN_INFINITE_RECURSION = YES;
				CLANG_WARN_INT_CONVERSION = YES;
				CLANG_WARN_NON_LITERAL_NULL_CONVERSION = YES;
				CLANG_WARN_OBJC_IMPLICIT_RETAIN_SELF = YES;
				CLANG_WARN_OBJC_LITERAL_CONVERSION = YES;
				CLANG_WARN_OBJC_ROOT_CLASS = YES_ERROR;
				CLANG_WARN_QUOTED_INCLUDE_IN_FRAMEWORK_HEADER = YES;
				CLANG_WARN_RANGE_LOOP_ANALYSIS = YES;
				CLANG_WARN_STRICT_PROTOTYPES = YES;
				CLANG_WARN_SUSPICIOUS_MOVE = YES;
				CLANG_WARN_UNGUARDED_AVAILABILITY = YES_AGGRESSIVE;
				CLANG_WARN_UNREACHABLE_CODE = YES;
				CLANG_WARN__DUPLICATE_METHOD_MATCH = YES;
				COPY_PHASE_STRIP = NO;
				DEBUG_INFORMATION_FORMAT = "dwarf-with-dsym";
				ENABLE_NS_ASSERTIONS = NO;
				ENABLE_STRICT_OBJC_MSGSEND = YES;
				GCC_C_LANGUAGE_STANDARD = gnu11;
				GCC_NO_COMMON_BLOCKS = YES;
				GCC_WARN_64_TO_32_BIT_CONVERSION = YES;
				GCC_WARN_ABOUT_RETURN_TYPE = YES_ERROR;
				GCC_WARN_UNDECLARED_SELECTOR = YES;
				GCC_WARN_UNINITIALIZED_AUTOS = YES_AGGRESSIVE;
				GCC_WARN_UNUSED_FUNCTION = YES;
				GCC_WARN_UNUSED_VARIABLE = YES;
				IPHONEOS_DEPLOYMENT_TARGET = 15.5;
				MTL_ENABLE_DEBUG_INFO = NO;
				MTL_FAST_MATH = YES;
				SDKROOT = iphoneos;
				SWIFT_COMPILATION_MODE = wholemodule;
				SWIFT_OPTIMIZATION_LEVEL = "-O";
				VALIDATE_PRODUCT = YES;
			};
			name = Release;
		};
		08986CEF287C46C100D9FBDA /* Debug */ = {
			isa = XCBuildConfiguration;
			baseConfigurationReference = E57CDB9AB729AA47A779AEE8 /* Pods-The Movie Database.debug.xcconfig */;
			buildSettings = {
				ASSETCATALOG_COMPILER_APPICON_NAME = AppIcon;
				ASSETCATALOG_COMPILER_GLOBAL_ACCENT_COLOR_NAME = AccentColor;
				CODE_SIGN_STYLE = Automatic;
				CURRENT_PROJECT_VERSION = 1;
				DEVELOPMENT_TEAM = 9PF2GLF6PD;
				GENERATE_INFOPLIST_FILE = YES;
				INFOPLIST_FILE = "The Movie Database/Info.plist";
				INFOPLIST_KEY_UIApplicationSupportsIndirectInputEvents = YES;
				INFOPLIST_KEY_UILaunchStoryboardName = LaunchScreen;
				INFOPLIST_KEY_UIMainStoryboardFile = Main;
				INFOPLIST_KEY_UISupportedInterfaceOrientations = UIInterfaceOrientationPortrait;
				INFOPLIST_KEY_UISupportedInterfaceOrientations_iPad = "UIInterfaceOrientationPortrait UIInterfaceOrientationPortraitUpsideDown UIInterfaceOrientationLandscapeLeft UIInterfaceOrientationLandscapeRight";
				INFOPLIST_KEY_UISupportedInterfaceOrientations_iPhone = "UIInterfaceOrientationPortrait UIInterfaceOrientationLandscapeLeft UIInterfaceOrientationLandscapeRight";
				IPHONEOS_DEPLOYMENT_TARGET = 15.0;
				LD_RUNPATH_SEARCH_PATHS = (
					"$(inherited)",
					"@executable_path/Frameworks",
				);
				MARKETING_VERSION = 1.0;
				PRODUCT_BUNDLE_IDENTIFIER = "com.Beavean.Anthony.The-Movie-Database";
				PRODUCT_NAME = "$(TARGET_NAME)";
				SWIFT_EMIT_LOC_STRINGS = YES;
				SWIFT_VERSION = 5.0;
				TARGETED_DEVICE_FAMILY = "1,2";
			};
			name = Debug;
		};
		08986CF0287C46C100D9FBDA /* Release */ = {
			isa = XCBuildConfiguration;
			baseConfigurationReference = DBC00BEBB31BFA682DEB487E /* Pods-The Movie Database.release.xcconfig */;
			buildSettings = {
				ASSETCATALOG_COMPILER_APPICON_NAME = AppIcon;
				ASSETCATALOG_COMPILER_GLOBAL_ACCENT_COLOR_NAME = AccentColor;
				CODE_SIGN_STYLE = Automatic;
				CURRENT_PROJECT_VERSION = 1;
				DEVELOPMENT_TEAM = 9PF2GLF6PD;
				GENERATE_INFOPLIST_FILE = YES;
				INFOPLIST_FILE = "The Movie Database/Info.plist";
				INFOPLIST_KEY_UIApplicationSupportsIndirectInputEvents = YES;
				INFOPLIST_KEY_UILaunchStoryboardName = LaunchScreen;
				INFOPLIST_KEY_UIMainStoryboardFile = Main;
				INFOPLIST_KEY_UISupportedInterfaceOrientations = UIInterfaceOrientationPortrait;
				INFOPLIST_KEY_UISupportedInterfaceOrientations_iPad = "UIInterfaceOrientationPortrait UIInterfaceOrientationPortraitUpsideDown UIInterfaceOrientationLandscapeLeft UIInterfaceOrientationLandscapeRight";
				INFOPLIST_KEY_UISupportedInterfaceOrientations_iPhone = "UIInterfaceOrientationPortrait UIInterfaceOrientationLandscapeLeft UIInterfaceOrientationLandscapeRight";
				IPHONEOS_DEPLOYMENT_TARGET = 15.0;
				LD_RUNPATH_SEARCH_PATHS = (
					"$(inherited)",
					"@executable_path/Frameworks",
				);
				MARKETING_VERSION = 1.0;
				PRODUCT_BUNDLE_IDENTIFIER = "com.Beavean.Anthony.The-Movie-Database";
				PRODUCT_NAME = "$(TARGET_NAME)";
				SWIFT_EMIT_LOC_STRINGS = YES;
				SWIFT_VERSION = 5.0;
				TARGETED_DEVICE_FAMILY = "1,2";
			};
			name = Release;
		};
/* End XCBuildConfiguration section */

/* Begin XCConfigurationList section */
		08986CD5287C46C000D9FBDA /* Build configuration list for PBXProject "The Movie Database" */ = {
			isa = XCConfigurationList;
			buildConfigurations = (
				08986CEC287C46C100D9FBDA /* Debug */,
				08986CED287C46C100D9FBDA /* Release */,
			);
			defaultConfigurationIsVisible = 0;
			defaultConfigurationName = Release;
		};
		08986CEE287C46C100D9FBDA /* Build configuration list for PBXNativeTarget "The Movie Database" */ = {
			isa = XCConfigurationList;
			buildConfigurations = (
				08986CEF287C46C100D9FBDA /* Debug */,
				08986CF0287C46C100D9FBDA /* Release */,
			);
			defaultConfigurationIsVisible = 0;
			defaultConfigurationName = Release;
		};
/* End XCConfigurationList section */
	};
	rootObject = 08986CD2287C46C000D9FBDA /* Project object */;
}
